
Microsoft Visual Studio Solution File, Format Version 12.00
# Visual Studio 15
VisualStudioVersion = 15.0.28307.106
MinimumVisualStudioVersion = 10.0.40219.1
Project("{FAE04EC0-301F-11D3-BF4B-00C04F79EFBC}") = "events.tac.local", "events.tac.local\events.tac.local.csproj", "{6494A7BA-03D2-4281-83A8-F4952290A88D}"
EndProject
Project("{FAE04EC0-301F-11D3-BF4B-00C04F79EFBC}") = "events.tac.local.Tests", "events.tac.local.Tests\events.tac.local.Tests.csproj", "{6890292C-9E3B-4C0D-8FAA-8A8CA598E3CC}"
EndProject
Global
	GlobalSection(SolutionConfigurationPlatforms) = preSolution
		Debug|Any CPU = Debug|Any CPU
		Release|Any CPU = Release|Any CPU
	EndGlobalSection
	GlobalSection(ProjectConfigurationPlatforms) = postSolution
		{6494A7BA-03D2-4281-83A8-F4952290A88D}.Debug|Any CPU.ActiveCfg = Debug|Any CPU
		{6494A7BA-03D2-4281-83A8-F4952290A88D}.Debug|Any CPU.Build.0 = Debug|Any CPU
		{6494A7BA-03D2-4281-83A8-F4952290A88D}.Release|Any CPU.ActiveCfg = Release|Any CPU
		{6494A7BA-03D2-4281-83A8-F4952290A88D}.Release|Any CPU.Build.0 = Release|Any CPU
		{6890292C-9E3B-4C0D-8FAA-8A8CA598E3CC}.Debug|Any CPU.ActiveCfg = Debug|Any CPU
		{6890292C-9E3B-4C0D-8FAA-8A8CA598E3CC}.Debug|Any CPU.Build.0 = Debug|Any CPU
		{6890292C-9E3B-4C0D-8FAA-8A8CA598E3CC}.Release|Any CPU.ActiveCfg = Release|Any CPU
		{6890292C-9E3B-4C0D-8FAA-8A8CA598E3CC}.Release|Any CPU.Build.0 = Release|Any CPU
	EndGlobalSection
	GlobalSection(SolutionProperties) = preSolution
		HideSolutionNode = FALSE
	EndGlobalSection
	GlobalSection(ExtensibilityGlobals) = postSolution
		SolutionGuid = {92311EE8-E8FC-43D6-8F15-CE5965CAD9F7}
	EndGlobalSection
EndGlobal
